// !$*UTF8*$!
{
	archiveVersion = 1;
	classes = {
	};
	objectVersion = 48;
	objects = {

/* Begin PBXBuildFile section */
		433CC97F209569C500DA275C /* AppDelegate.swift in Sources */ = {isa = PBXBuildFile; fileRef = 433CC97E209569C500DA275C /* AppDelegate.swift */; };
		433CC981209569C500DA275C /* ViewController.swift in Sources */ = {isa = PBXBuildFile; fileRef = 433CC980209569C500DA275C /* ViewController.swift */; };
		433CC984209569C500DA275C /* Main.storyboard in Resources */ = {isa = PBXBuildFile; fileRef = 433CC982209569C500DA275C /* Main.storyboard */; };
		433CC986209569C500DA275C /* Assets.xcassets in Resources */ = {isa = PBXBuildFile; fileRef = 433CC985209569C500DA275C /* Assets.xcassets */; };
		433CC989209569C500DA275C /* LaunchScreen.storyboard in Resources */ = {isa = PBXBuildFile; fileRef = 433CC987209569C500DA275C /* LaunchScreen.storyboard */; };
		433CC99120956C9A00DA275C /* DataViewController.swift in Sources */ = {isa = PBXBuildFile; fileRef = 433CC99020956C9A00DA275C /* DataViewController.swift */; };
		43CCE25020959C1A008770AE /* TextViewController.swift in Sources */ = {isa = PBXBuildFile; fileRef = 43CCE24F20959C1A008770AE /* TextViewController.swift */; };
/* End PBXBuildFile section */

/* Begin PBXFileReference section */
		433CC97B209569C500DA275C /* SensorTest.app */ = {isa = PBXFileReference; explicitFileType = wrapper.application; includeInIndex = 0; path = SensorTest.app; sourceTree = BUILT_PRODUCTS_DIR; };
		433CC97E209569C500DA275C /* AppDelegate.swift */ = {isa = PBXFileReference; lastKnownFileType = sourcecode.swift; path = AppDelegate.swift; sourceTree = "<group>"; };
		433CC980209569C500DA275C /* ViewController.swift */ = {isa = PBXFileReference; lastKnownFileType = sourcecode.swift; path = ViewController.swift; sourceTree = "<group>"; };
		433CC983209569C500DA275C /* Base */ = {isa = PBXFileReference; lastKnownFileType = file.storyboard; name = Base; path = Base.lproj/Main.storyboard; sourceTree = "<group>"; };
		433CC985209569C500DA275C /* Assets.xcassets */ = {isa = PBXFileReference; lastKnownFileType = folder.assetcatalog; path = Assets.xcassets; sourceTree = "<group>"; };
		433CC988209569C500DA275C /* Base */ = {isa = PBXFileReference; lastKnownFileType = file.storyboard; name = Base; path = Base.lproj/LaunchScreen.storyboard; sourceTree = "<group>"; };
		433CC98A209569C500DA275C /* Info.plist */ = {isa = PBXFileReference; lastKnownFileType = text.plist.xml; path = Info.plist; sourceTree = "<group>"; };
		433CC99020956C9A00DA275C /* DataViewController.swift */ = {isa = PBXFileReference; lastKnownFileType = sourcecode.swift; path = DataViewController.swift; sourceTree = "<group>"; };
		43CCE24F20959C1A008770AE /* TextViewController.swift */ = {isa = PBXFileReference; lastKnownFileType = sourcecode.swift; path = TextViewController.swift; sourceTree = "<group>"; };
/* End PBXFileReference section */

/* Begin PBXFrameworksBuildPhase section */
		433CC978209569C500DA275C /* Frameworks */ = {
			isa = PBXFrameworksBuildPhase;
			buildActionMask = 2147483647;
			files = (
			);
			runOnlyForDeploymentPostprocessing = 0;
		};
/* End PBXFrameworksBuildPhase section */

/* Begin PBXGroup section */
		433CC972209569C500DA275C = {
			isa = PBXGroup;
			children = (
				433CC97D209569C500DA275C /* SensorTest */,
				433CC97C209569C500DA275C /* Products */,
			);
			sourceTree = "<group>";
		};
		433CC97C209569C500DA275C /* Products */ = {
			isa = PBXGroup;
			children = (
				433CC97B209569C500DA275C /* SensorTest.app */,
			);
			name = Products;
			sourceTree = "<group>";
		};
		433CC97D209569C500DA275C /* SensorTest */ = {
			isa = PBXGroup;
			children = (
				433CC97E209569C500DA275C /* AppDelegate.swift */,
				433CC980209569C500DA275C /* ViewController.swift */,
				433CC99020956C9A00DA275C /* DataViewController.swift */,
				43CCE24F20959C1A008770AE /* TextViewController.swift */,
				433CC982209569C500DA275C /* Main.storyboard */,
				433CC985209569C500DA275C /* Assets.xcassets */,
				433CC987209569C500DA275C /* LaunchScreen.storyboard */,
				433CC98A209569C500DA275C /* Info.plist */,
			);
			path = SensorTest;
			sourceTree = "<group>";
		};
/* End PBXGroup section */

/* Begin PBXNativeTarget section */
		433CC97A209569C500DA275C /* SensorTest */ = {
			isa = PBXNativeTarget;
			buildConfigurationList = 433CC98D209569C500DA275C /* Build configuration list for PBXNativeTarget "SensorTest" */;
			buildPhases = (
				433CC977209569C500DA275C /* Sources */,
				433CC978209569C500DA275C /* Frameworks */,
				433CC979209569C500DA275C /* Resources */,
			);
			buildRules = (
			);
			dependencies = (
			);
			name = SensorTest;
			productName = SensorTest;
			productReference = 433CC97B209569C500DA275C /* SensorTest.app */;
			productType = "com.apple.product-type.application";
		};
/* End PBXNativeTarget section */

/* Begin PBXProject section */
		433CC973209569C500DA275C /* Project object */ = {
			isa = PBXProject;
			attributes = {
				LastSwiftUpdateCheck = 0920;
				LastUpgradeCheck = 0920;
				ORGANIZATIONNAME = mclarenYang;
				TargetAttributes = {
					433CC97A209569C500DA275C = {
						CreatedOnToolsVersion = 9.2;
						ProvisioningStyle = Automatic;
					};
				};
			};
			buildConfigurationList = 433CC976209569C500DA275C /* Build configuration list for PBXProject "SensorTest" */;
			compatibilityVersion = "Xcode 8.0";
			developmentRegion = en;
			hasScannedForEncodings = 0;
			knownRegions = (
				en,
				Base,
			);
			mainGroup = 433CC972209569C500DA275C;
			productRefGroup = 433CC97C209569C500DA275C /* Products */;
			projectDirPath = "";
			projectRoot = "";
			targets = (
				433CC97A209569C500DA275C /* SensorTest */,
			);
		};
/* End PBXProject section */

/* Begin PBXResourcesBuildPhase section */
		433CC979209569C500DA275C /* Resources */ = {
			isa = PBXResourcesBuildPhase;
			buildActionMask = 2147483647;
			files = (
				433CC989209569C500DA275C /* LaunchScreen.storyboard in Resources */,
				433CC986209569C500DA275C /* Assets.xcassets in Resources */,
				433CC984209569C500DA275C /* Main.storyboard in Resources */,
			);
			runOnlyForDeploymentPostprocessing = 0;
		};
/* End PBXResourcesBuildPhase section */

/* Begin PBXSourcesBuildPhase section */
		433CC977209569C500DA275C /* Sources */ = {
			isa = PBXSourcesBuildPhase;
			buildActionMask = 2147483647;
			files = (
				433CC981209569C500DA275C /* ViewController.swift in Sources */,
				433CC99120956C9A00DA275C /* DataViewController.swift in Sources */,
				433CC97F209569C500DA275C /* AppDelegate.swift in Sources */,
				43CCE25020959C1A008770AE /* TextViewController.swift in Sources */,
			);
			runOnlyForDeploymentPostprocessing = 0;
		};
/* End PBXSourcesBuildPhase section */

/* Begin PBXVariantGroup section */
		433CC982209569C500DA275C /* Main.storyboard */ = {
			isa = PBXVariantGroup;
			children = (
				433CC983209569C500DA275C /* Base */,
			);
			name = Main.storyboard;
			sourceTree = "<group>";
		};
		433CC987209569C500DA275C /* LaunchScreen.storyboard */ = {
			isa = PBXVariantGroup;
			children = (
				433CC988209569C500DA275C /* Base */,
			);
			name = LaunchScreen.storyboard;
			sourceTree = "<group>";
		};
/* End PBXVariantGroup section */

/* Begin XCBuildConfiguration section */
		433CC98B209569C500DA275C /* Debug */ = {
			isa = XCBuildConfiguration;
			buildSettings = {
				ALWAYS_SEARCH_USER_PATHS = NO;
				CLANG_ANALYZER_NONNULL = YES;
				CLANG_ANALYZER_NUMBER_OBJECT_CONVERSION = YES_AGGRESSIVE;
				CLANG_CXX_LANGUAGE_STANDARD = "gnu++14";
				CLANG_CXX_LIBRARY = "libc++";
				CLANG_ENABLE_MODULES = YES;
				CLANG_ENABLE_OBJC_ARC = YES;
				CLANG_WARN_BLOCK_CAPTURE_AUTORELEASING = YES;
				CLANG_WARN_BOOL_CONVERSION = YES;
				CLANG_WARN_COMMA = YES;
				CLANG_WARN_CONSTANT_CONVERSION = YES;
				CLANG_WARN_DIRECT_OBJC_ISA_USAGE = YES_ERROR;
				CLANG_WARN_DOCUMENTATION_COMMENTS = YES;
				CLANG_WARN_EMPTY_BODY = YES;
				CLANG_WARN_ENUM_CONVERSION = YES;
				CLANG_WARN_INFINITE_RECURSION = YES;
				CLANG_WARN_INT_CONVERSION = YES;
				CLANG_WARN_NON_LITERAL_NULL_CONVERSION = YES;
				CLANG_WARN_OBJC_LITERAL_CONVERSION = YES;
				CLANG_WARN_OBJC_ROOT_CLASS = YES_ERROR;
				CLANG_WARN_RANGE_LOOP_ANALYSIS = YES;
				CLANG_WARN_STRICT_PROTOTYPES = YES;
				CLANG_WARN_SUSPICIOUS_MOVE = YES;
				CLANG_WARN_UNGUARDED_AVAILABILITY = YES_AGGRESSIVE;
				CLANG_WARN_UNREACHABLE_CODE = YES;
				CLANG_WARN__DUPLICATE_METHOD_MATCH = YES;
				CODE_SIGN_IDENTITY = "iPhone Developer";
				COPY_PHASE_STRIP = NO;
				DEBUG_INFORMATION_FORMAT = dwarf;
				ENABLE_STRICT_OBJC_MSGSEND = YES;
				ENABLE_TESTABILITY = YES;
				GCC_C_LANGUAGE_STANDARD = gnu11;
				GCC_DYNAMIC_NO_PIC = NO;
				GCC_NO_COMMON_BLOCKS = YES;
				GCC_OPTIMIZATION_LEVEL = 0;
				GCC_PREPROCESSOR_DEFINITIONS = (
					"DEBUG=1",
					"$(inherited)",
				);
				GCC_WARN_64_TO_32_BIT_CONVERSION = YES;
				GCC_WARN_ABOUT_RETURN_TYPE = YES_ERROR;
				GCC_WARN_UNDECLARED_SELECTOR = YES;
				GCC_WARN_UNINITIALIZED_AUTOS = YES_AGGRESSIVE;
				GCC_WARN_UNUSED_FUNCTION = YES;
				GCC_WARN_UNUSED_VARIABLE = YES;
				IPHONEOS_DEPLOYMENT_TARGET = 11.2;
				MTL_ENABLE_DEBUG_INFO = YES;
				ONLY_ACTIVE_ARCH = YES;
				SDKROOT = iphoneos;
				SWIFT_ACTIVE_COMPILATION_CONDITIONS = DEBUG;
				SWIFT_OPTIMIZATION_LEVEL = "-Onone";
			};
			name = Debug;
		};
		433CC98C209569C500DA275C /* Release */ = {
			isa = XCBuildConfiguration;
			buildSettings = {
				ALWAYS_SEARCH_USER_PATHS = NO;
				CLANG_ANALYZER_NONNULL = YES;
				CLANG_ANALYZER_NUMBER_OBJECT_CONVERSION = YES_AGGRESSIVE;
				CLANG_CXX_LANGUAGE_STANDARD = "gnu++14";
				CLANG_CXX_LIBRARY = "libc++";
				CLANG_ENABLE_MODULES = YES;
				CLANG_ENABLE_OBJC_ARC = YES;
				CLANG_WARN_BLOCK_CAPTURE_AUTORELEASING = YES;
				CLANG_WARN_BOOL_CONVERSION = YES;
				CLANG_WARN_COMMA = YES;
				CLANG_WARN_CONSTANT_CONVERSION = YES;
				CLANG_WARN_DIRECT_OBJC_ISA_USAGE = YES_ERROR;
				CLANG_WARN_DOCUMENTATION_COMMENTS = YES;
				CLANG_WARN_EMPTY_BODY = YES;
				CLANG_WARN_ENUM_CONVERSION = YES;
				CLANG_WARN_INFINITE_RECURSION = YES;
				CLANG_WARN_INT_CONVERSION = YES;
				CLANG_WARN_NON_LITERAL_NULL_CONVERSION = YES;
				CLANG_WARN_OBJC_LITERAL_CONVERSION = YES;
				CLANG_WARN_OBJC_ROOT_CLASS = YES_ERROR;
				CLANG_WARN_RANGE_LOOP_ANALYSIS = YES;
				CLANG_WARN_STRICT_PROTOTYPES = YES;
				CLANG_WARN_SUSPICIOUS_MOVE = YES;
				CLANG_WARN_UNGUARDED_AVAILABILITY = YES_AGGRESSIVE;
				CLANG_WARN_UNREACHABLE_CODE = YES;
				CLANG_WARN__DUPLICATE_METHOD_MATCH = YES;
				CODE_SIGN_IDENTITY = "iPhone Developer";
				COPY_PHASE_STRIP = NO;
				DEBUG_INFORMATION_FORMAT = "dwarf-with-dsym";
				ENABLE_NS_ASSERTIONS = NO;
				ENABLE_STRICT_OBJC_MSGSEND = YES;
				GCC_C_LANGUAGE_STANDARD = gnu11;
				GCC_NO_COMMON_BLOCKS = YES;
				GCC_WARN_64_TO_32_BIT_CONVERSION = YES;
				GCC_WARN_ABOUT_RETURN_TYPE = YES_ERROR;
				GCC_WARN_UNDECLARED_SELECTOR = YES;
				GCC_WARN_UNINITIALIZED_AUTOS = YES_AGGRESSIVE;
				GCC_WARN_UNUSED_FUNCTION = YES;
				GCC_WARN_UNUSED_VARIABLE = YES;
				IPHONEOS_DEPLOYMENT_TARGET = 11.2;
				MTL_ENABLE_DEBUG_INFO = NO;
				SDKROOT = iphoneos;
				SWIFT_OPTIMIZATION_LEVEL = "-Owholemodule";
				VALIDATE_PRODUCT = YES;
			};
			name = Release;
		};
		433CC98E209569C500DA275C /* Debug */ = {
			isa = XCBuildConfiguration;
			buildSettings = {
				ASSETCATALOG_COMPILER_APPICON_NAME = AppIcon;
				CODE_SIGN_STYLE = Automatic;
				DEVELOPMENT_TEAM = 4T9R7Y2CG4;
				INFOPLIST_FILE = SensorTest/Info.plist;
				LD_RUNPATH_SEARCH_PATHS = "$(inherited) @executable_path/Frameworks";
				PRODUCT_BUNDLE_IDENTIFIER = mclarenyang.SensorTest;
				PRODUCT_NAME = "$(TARGET_NAME)";
				SWIFT_VERSION = 4.0;
				TARGETED_DEVICE_FAMILY = "1,2";
			};
			name = Debug;
		};
		433CC98F209569C500DA275C /* Release */ = {
			isa = XCBuildConfiguration;
			buildSettings = {
				ASSETCATALOG_COMPILER_APPICON_NAME = AppIcon;
				CODE_SIGN_STYLE = Automatic;
				DEVELOPMENT_TEAM = 4T9R7Y2CG4;
				INFOPLIST_FILE = SensorTest/Info.plist;
				LD_RUNPATH_SEARCH_PATHS = "$(inherited) @executable_path/Frameworks";
				PRODUCT_BUNDLE_IDENTIFIER = mclarenyang.SensorTest;
				PRODUCT_NAME = "$(TARGET_NAME)";
				SWIFT_VERSION = 4.0;
				TARGETED_DEVICE_FAMILY = "1,2";
			};
			name = Release;
		};
/* End XCBuildConfiguration section */

/* Begin XCConfigurationList section */
		433CC976209569C500DA275C /* Build configuration list for PBXProject "SensorTest" */ = {
			isa = XCConfigurationList;
			buildConfigurations = (
				433CC98B209569C500DA275C /* Debug */,
				433CC98C209569C500DA275C /* Release */,
			);
			defaultConfigurationIsVisible = 0;
			defaultConfigurationName = Release;
		};
		433CC98D209569C500DA275C /* Build configuration list for PBXNativeTarget "SensorTest" */ = {
			isa = XCConfigurationList;
			buildConfigurations = (
				433CC98E209569C500DA275C /* Debug */,
				433CC98F209569C500DA275C /* Release */,
			);
			defaultConfigurationIsVisible = 0;
			defaultConfigurationName = Release;
		};
/* End XCConfigurationList section */
	};
	rootObject = 433CC973209569C500DA275C /* Project object */;
}
